
Microsoft Visual Studio Solution File, Format Version 12.00
# Visual Studio Express 2012 for Windows Desktop
Project("{FAE04EC0-301F-11D3-BF4B-00C04F79EFBC}") = "2017_04_27_Aula08_Classes_Interface", "2017_04_27_Aula08_Classes_Interface\2017_04_27_Aula08_Classes_Interface.csproj", "{88B0D202-497C-405F-8D65-22EFDBF40739}"
EndProject
Global
	GlobalSection(SolutionConfigurationPlatforms) = preSolution
		Debug|Any CPU = Debug|Any CPU
		Release|Any CPU = Release|Any CPU
	EndGlobalSection
	GlobalSection(ProjectConfigurationPlatforms) = postSolution
		{88B0D202-497C-405F-8D65-22EFDBF40739}.Debug|Any CPU.ActiveCfg = Debug|Any CPU
		{88B0D202-497C-405F-8D65-22EFDBF40739}.Debug|Any CPU.Build.0 = Debug|Any CPU
		{88B0D202-497C-405F-8D65-22EFDBF40739}.Release|Any CPU.ActiveCfg = Release|Any CPU
		{88B0D202-497C-405F-8D65-22EFDBF40739}.Release|Any CPU.Build.0 = Release|Any CPU
	EndGlobalSection
	GlobalSection(SolutionProperties) = preSolution
		HideSolutionNode = FALSE
	EndGlobalSection
EndGlobal
