
Microsoft Visual Studio Solution File, Format Version 12.00
# Visual Studio 14
VisualStudioVersion = 14.0.25420.1
MinimumVisualStudioVersion = 10.0.40219.1
Project("{FAE04EC0-301F-11D3-BF4B-00C04F79EFBC}") = "2017_03_13_Aula04_Exerc3", "2017_03_13_Aula04_Exerc3\2017_03_13_Aula04_Exerc3.csproj", "{7DEC6477-ABCA-4FF0-92D4-8383C4F74F03}"
EndProject
Global
	GlobalSection(SolutionConfigurationPlatforms) = preSolution
		Debug|Any CPU = Debug|Any CPU
		Release|Any CPU = Release|Any CPU
	EndGlobalSection
	GlobalSection(ProjectConfigurationPlatforms) = postSolution
		{7DEC6477-ABCA-4FF0-92D4-8383C4F74F03}.Debug|Any CPU.ActiveCfg = Debug|Any CPU
		{7DEC6477-ABCA-4FF0-92D4-8383C4F74F03}.Debug|Any CPU.Build.0 = Debug|Any CPU
		{7DEC6477-ABCA-4FF0-92D4-8383C4F74F03}.Release|Any CPU.ActiveCfg = Release|Any CPU
		{7DEC6477-ABCA-4FF0-92D4-8383C4F74F03}.Release|Any CPU.Build.0 = Release|Any CPU
	EndGlobalSection
	GlobalSection(SolutionProperties) = preSolution
		HideSolutionNode = FALSE
	EndGlobalSection
EndGlobal
