
Microsoft Visual Studio Solution File, Format Version 12.00
# Visual Studio 14
VisualStudioVersion = 14.0.25420.1
MinimumVisualStudioVersion = 10.0.40219.1
Project("{FAE04EC0-301F-11D3-BF4B-00C04F79EFBC}") = "2017_02_02_VetoresMatrizes11", "2017_02_02_VetoresMatrizes11.csproj", "{A48449D1-62CE-4864-83FE-F0A1C6568D4A}"
EndProject
Global
	GlobalSection(SolutionConfigurationPlatforms) = preSolution
		Debug|Any CPU = Debug|Any CPU
		Release|Any CPU = Release|Any CPU
	EndGlobalSection
	GlobalSection(ProjectConfigurationPlatforms) = postSolution
		{A48449D1-62CE-4864-83FE-F0A1C6568D4A}.Debug|Any CPU.ActiveCfg = Debug|Any CPU
		{A48449D1-62CE-4864-83FE-F0A1C6568D4A}.Debug|Any CPU.Build.0 = Debug|Any CPU
		{A48449D1-62CE-4864-83FE-F0A1C6568D4A}.Release|Any CPU.ActiveCfg = Release|Any CPU
		{A48449D1-62CE-4864-83FE-F0A1C6568D4A}.Release|Any CPU.Build.0 = Release|Any CPU
	EndGlobalSection
	GlobalSection(SolutionProperties) = preSolution
		HideSolutionNode = FALSE
	EndGlobalSection
EndGlobal
