
Microsoft Visual Studio Solution File, Format Version 12.00
# Visual Studio Express 2012 for Windows Desktop
Project("{FAE04EC0-301F-11D3-BF4B-00C04F79EFBC}") = "2017_02_17_ArquivosVetores2", "2017_02_17_ArquivosVetores2\2017_02_17_ArquivosVetores2.csproj", "{AD7EE3B8-CD0B-4579-8C74-7D4E6EB69A96}"
EndProject
Global
	GlobalSection(SolutionConfigurationPlatforms) = preSolution
		Debug|Any CPU = Debug|Any CPU
		Release|Any CPU = Release|Any CPU
	EndGlobalSection
	GlobalSection(ProjectConfigurationPlatforms) = postSolution
		{AD7EE3B8-CD0B-4579-8C74-7D4E6EB69A96}.Debug|Any CPU.ActiveCfg = Debug|Any CPU
		{AD7EE3B8-CD0B-4579-8C74-7D4E6EB69A96}.Debug|Any CPU.Build.0 = Debug|Any CPU
		{AD7EE3B8-CD0B-4579-8C74-7D4E6EB69A96}.Release|Any CPU.ActiveCfg = Release|Any CPU
		{AD7EE3B8-CD0B-4579-8C74-7D4E6EB69A96}.Release|Any CPU.Build.0 = Release|Any CPU
	EndGlobalSection
	GlobalSection(SolutionProperties) = preSolution
		HideSolutionNode = FALSE
	EndGlobalSection
EndGlobal
