
Microsoft Visual Studio Solution File, Format Version 12.00
# Visual Studio 2012
Project("{FAE04EC0-301F-11D3-BF4B-00C04F79EFBC}") = "2016_12_22_CaracFisicasPesquisa", "2016_12_22_CaracFisicasPesquisa\2016_12_22_CaracFisicasPesquisa.csproj", "{C24D3FE2-FCC7-4BB3-94FD-A90250BAD409}"
EndProject
Global
	GlobalSection(SolutionConfigurationPlatforms) = preSolution
		Debug|Any CPU = Debug|Any CPU
		Release|Any CPU = Release|Any CPU
	EndGlobalSection
	GlobalSection(ProjectConfigurationPlatforms) = postSolution
		{C24D3FE2-FCC7-4BB3-94FD-A90250BAD409}.Debug|Any CPU.ActiveCfg = Debug|Any CPU
		{C24D3FE2-FCC7-4BB3-94FD-A90250BAD409}.Debug|Any CPU.Build.0 = Debug|Any CPU
		{C24D3FE2-FCC7-4BB3-94FD-A90250BAD409}.Release|Any CPU.ActiveCfg = Release|Any CPU
		{C24D3FE2-FCC7-4BB3-94FD-A90250BAD409}.Release|Any CPU.Build.0 = Release|Any CPU
	EndGlobalSection
	GlobalSection(SolutionProperties) = preSolution
		HideSolutionNode = FALSE
	EndGlobalSection
EndGlobal
