
Microsoft Visual Studio Solution File, Format Version 12.00
# Visual Studio 14
VisualStudioVersion = 14.0.25420.1
MinimumVisualStudioVersion = 10.0.40219.1
Project("{FAE04EC0-301F-11D3-BF4B-00C04F79EFBC}") = "2017_01_30_VetoresMatrizes7", "2017_01_30_VetoresMatrizes7.csproj", "{95FA63A4-1901-4C5E-8BD2-F769A3E99629}"
EndProject
Global
	GlobalSection(SolutionConfigurationPlatforms) = preSolution
		Debug|Any CPU = Debug|Any CPU
		Release|Any CPU = Release|Any CPU
	EndGlobalSection
	GlobalSection(ProjectConfigurationPlatforms) = postSolution
		{95FA63A4-1901-4C5E-8BD2-F769A3E99629}.Debug|Any CPU.ActiveCfg = Debug|Any CPU
		{95FA63A4-1901-4C5E-8BD2-F769A3E99629}.Debug|Any CPU.Build.0 = Debug|Any CPU
		{95FA63A4-1901-4C5E-8BD2-F769A3E99629}.Release|Any CPU.ActiveCfg = Release|Any CPU
		{95FA63A4-1901-4C5E-8BD2-F769A3E99629}.Release|Any CPU.Build.0 = Release|Any CPU
	EndGlobalSection
	GlobalSection(SolutionProperties) = preSolution
		HideSolutionNode = FALSE
	EndGlobalSection
EndGlobal
