
Microsoft Visual Studio Solution File, Format Version 12.00
# Visual Studio 2012
Project("{FAE04EC0-301F-11D3-BF4B-00C04F79EFBC}") = "2016_02_01_WinFormsAppSimple", "2016_02_01_WinFormsAppSimple\2016_02_01_WinFormsAppSimple.csproj", "{FC507261-4458-411C-A969-05E29C03EC29}"
EndProject
Global
	GlobalSection(SolutionConfigurationPlatforms) = preSolution
		Debug|Any CPU = Debug|Any CPU
		Release|Any CPU = Release|Any CPU
	EndGlobalSection
	GlobalSection(ProjectConfigurationPlatforms) = postSolution
		{FC507261-4458-411C-A969-05E29C03EC29}.Debug|Any CPU.ActiveCfg = Debug|Any CPU
		{FC507261-4458-411C-A969-05E29C03EC29}.Debug|Any CPU.Build.0 = Debug|Any CPU
		{FC507261-4458-411C-A969-05E29C03EC29}.Release|Any CPU.ActiveCfg = Release|Any CPU
		{FC507261-4458-411C-A969-05E29C03EC29}.Release|Any CPU.Build.0 = Release|Any CPU
	EndGlobalSection
	GlobalSection(SolutionProperties) = preSolution
		HideSolutionNode = FALSE
	EndGlobalSection
EndGlobal
