
Microsoft Visual Studio Solution File, Format Version 12.00
# Visual Studio Express 2012 for Windows Desktop
Project("{FAE04EC0-301F-11D3-BF4B-00C04F79EFBC}") = "2017_01_27_VetMatriz2", "2017_01_27_VetMatriz2\2017_01_27_VetMatriz2.csproj", "{96318C6A-2738-48D9-B77A-6264C6181897}"
EndProject
Global
	GlobalSection(SolutionConfigurationPlatforms) = preSolution
		Debug|Any CPU = Debug|Any CPU
		Release|Any CPU = Release|Any CPU
	EndGlobalSection
	GlobalSection(ProjectConfigurationPlatforms) = postSolution
		{96318C6A-2738-48D9-B77A-6264C6181897}.Debug|Any CPU.ActiveCfg = Debug|Any CPU
		{96318C6A-2738-48D9-B77A-6264C6181897}.Debug|Any CPU.Build.0 = Debug|Any CPU
		{96318C6A-2738-48D9-B77A-6264C6181897}.Release|Any CPU.ActiveCfg = Release|Any CPU
		{96318C6A-2738-48D9-B77A-6264C6181897}.Release|Any CPU.Build.0 = Release|Any CPU
	EndGlobalSection
	GlobalSection(SolutionProperties) = preSolution
		HideSolutionNode = FALSE
	EndGlobalSection
EndGlobal
