
Microsoft Visual Studio Solution File, Format Version 12.00
# Visual Studio 14
VisualStudioVersion = 14.0.25420.1
MinimumVisualStudioVersion = 10.0.40219.1
Project("{FAE04EC0-301F-11D3-BF4B-00C04F79EFBC}") = "2017_02_09_Revisao_06", "2017_02_09_Revisao_06.csproj", "{9056455E-6D1A-4220-8503-C2D6464A7515}"
EndProject
Global
	GlobalSection(SolutionConfigurationPlatforms) = preSolution
		Debug|Any CPU = Debug|Any CPU
		Release|Any CPU = Release|Any CPU
	EndGlobalSection
	GlobalSection(ProjectConfigurationPlatforms) = postSolution
		{9056455E-6D1A-4220-8503-C2D6464A7515}.Debug|Any CPU.ActiveCfg = Debug|Any CPU
		{9056455E-6D1A-4220-8503-C2D6464A7515}.Debug|Any CPU.Build.0 = Debug|Any CPU
		{9056455E-6D1A-4220-8503-C2D6464A7515}.Release|Any CPU.ActiveCfg = Release|Any CPU
		{9056455E-6D1A-4220-8503-C2D6464A7515}.Release|Any CPU.Build.0 = Release|Any CPU
	EndGlobalSection
	GlobalSection(SolutionProperties) = preSolution
		HideSolutionNode = FALSE
	EndGlobalSection
EndGlobal
